
Microsoft Visual Studio Solution File, Format Version 12.00
# Visual Studio 15
VisualStudioVersion = 15.0.28307.1022
MinimumVisualStudioVersion = 10.0.40219.1
Project("{FAE04EC0-301F-11D3-BF4B-00C04F79EFBC}") = "MySqlCRUD", "MySqlCRUD\MySqlCRUD.csproj", "{8F28AF18-79B6-4654-BA58-D9F00454251A}"
EndProject
Global
	GlobalSection(SolutionConfigurationPlatforms) = preSolution
		Debug|Any CPU = Debug|Any CPU
		Release|Any CPU = Release|Any CPU
	EndGlobalSection
	GlobalSection(ProjectConfigurationPlatforms) = postSolution
		{8F28AF18-79B6-4654-BA58-D9F00454251A}.Debug|Any CPU.ActiveCfg = Debug|Any CPU
		{8F28AF18-79B6-4654-BA58-D9F00454251A}.Debug|Any CPU.Build.0 = Debug|Any CPU
		{8F28AF18-79B6-4654-BA58-D9F00454251A}.Release|Any CPU.ActiveCfg = Release|Any CPU
		{8F28AF18-79B6-4654-BA58-D9F00454251A}.Release|Any CPU.Build.0 = Release|Any CPU
	EndGlobalSection
	GlobalSection(SolutionProperties) = preSolution
		HideSolutionNode = FALSE
	EndGlobalSection
	GlobalSection(ExtensibilityGlobals) = postSolution
		SolutionGuid = {AADB229D-3F12-47D4-854C-0B9315C9D36F}
	EndGlobalSection
EndGlobal
